
Microsoft Visual Studio Solution File, Format Version 12.00
# Visual Studio Version 16
VisualStudioVersion = 16.0.33214.272
MinimumVisualStudioVersion = 10.0.40219.1
Project("{8BC9CEB8-8B4A-11D0-8D11-00A0C91BC942}") = "lab_hw_7", "lab_hw_7\lab_hw_7.vcxproj", "{F035C479-1055-47D1-8350-F23EFF964266}"
EndProject
Global
	GlobalSection(SolutionConfigurationPlatforms) = preSolution
		Debug|x64 = Debug|x64
		Debug|x86 = Debug|x86
		Release|x64 = Release|x64
		Release|x86 = Release|x86
	EndGlobalSection
	GlobalSection(ProjectConfigurationPlatforms) = postSolution
		{F035C479-1055-47D1-8350-F23EFF964266}.Debug|x64.ActiveCfg = Debug|x64
		{F035C479-1055-47D1-8350-F23EFF964266}.Debug|x64.Build.0 = Debug|x64
		{F035C479-1055-47D1-8350-F23EFF964266}.Debug|x86.ActiveCfg = Debug|Win32
		{F035C479-1055-47D1-8350-F23EFF964266}.Debug|x86.Build.0 = Debug|Win32
		{F035C479-1055-47D1-8350-F23EFF964266}.Release|x64.ActiveCfg = Release|x64
		{F035C479-1055-47D1-8350-F23EFF964266}.Release|x64.Build.0 = Release|x64
		{F035C479-1055-47D1-8350-F23EFF964266}.Release|x86.ActiveCfg = Release|Win32
		{F035C479-1055-47D1-8350-F23EFF964266}.Release|x86.Build.0 = Release|Win32
	EndGlobalSection
	GlobalSection(SolutionProperties) = preSolution
		HideSolutionNode = FALSE
	EndGlobalSection
	GlobalSection(ExtensibilityGlobals) = postSolution
		SolutionGuid = {F377CBD4-A2DF-4AF6-962F-F31922936238}
	EndGlobalSection
EndGlobal
